// !$*UTF8*$!
{
	archiveVersion = 1;
	classes = {
	};
	objectVersion = 46;
	objects = {

/* Begin PBXBuildFile section */
		1A07A6D61DEA1E9700F92AE9 /* PlanningPokerService.swift in Sources */ = {isa = PBXBuildFile; fileRef = 1A07A6D51DEA1E9700F92AE9 /* PlanningPokerService.swift */; };
		1A07A6D81DEA480D00F92AE9 /* IHostFeaturesInputViewModel.swift in Sources */ = {isa = PBXBuildFile; fileRef = 1A07A6D71DEA480D00F92AE9 /* IHostFeaturesInputViewModel.swift */; };
		1A07A6DA1DEA483500F92AE9 /* HostFeaturesInputViewModel.swift in Sources */ = {isa = PBXBuildFile; fileRef = 1A07A6D91DEA483500F92AE9 /* HostFeaturesInputViewModel.swift */; };
		1A07A6DC1DEA492100F92AE9 /* HostFeaturesInputViewController.swift in Sources */ = {isa = PBXBuildFile; fileRef = 1A07A6DB1DEA492100F92AE9 /* HostFeaturesInputViewController.swift */; };
		1A2E9EFC1DC3C8C700958C91 /* Session.swift in Sources */ = {isa = PBXBuildFile; fileRef = 1A2E9EFB1DC3C8C700958C91 /* Session.swift */; };
		1A406AF91E00E9CD0071D9CD /* FeatureHeader.swift in Sources */ = {isa = PBXBuildFile; fileRef = 1A406AF81E00E9CD0071D9CD /* FeatureHeader.swift */; };
		1A4147841DAAE6D000BCB289 /* MPCManager.swift in Sources */ = {isa = PBXBuildFile; fileRef = 1A4147831DAAE6D000BCB289 /* MPCManager.swift */; };
		1A62E7801DA9FEF600639743 /* ReactiveKit.framework in Frameworks */ = {isa = PBXBuildFile; fileRef = 1AAA5AA21DA9CDAA00CF2E6E /* ReactiveKit.framework */; };
		1A62E7811DA9FEF700639743 /* ReactiveKit.framework in Embed Frameworks */ = {isa = PBXBuildFile; fileRef = 1AAA5AA21DA9CDAA00CF2E6E /* ReactiveKit.framework */; settings = {ATTRIBUTES = (CodeSignOnCopy, RemoveHeadersOnCopy, ); }; };
		1A62E7821DA9FEF700639743 /* Bond.framework in Frameworks */ = {isa = PBXBuildFile; fileRef = 1AAA5A961DA9CCF100CF2E6E /* Bond.framework */; };
		1A62E7831DA9FEF700639743 /* Bond.framework in Embed Frameworks */ = {isa = PBXBuildFile; fileRef = 1AAA5A961DA9CCF100CF2E6E /* Bond.framework */; settings = {ATTRIBUTES = (CodeSignOnCopy, RemoveHeadersOnCopy, ); }; };
		1A62E7841DA9FEF700639743 /* Swinject.framework in Frameworks */ = {isa = PBXBuildFile; fileRef = 1AAA5A971DA9CCF100CF2E6E /* Swinject.framework */; };
		1A62E7851DA9FEF700639743 /* Swinject.framework in Embed Frameworks */ = {isa = PBXBuildFile; fileRef = 1AAA5A971DA9CCF100CF2E6E /* Swinject.framework */; settings = {ATTRIBUTES = (CodeSignOnCopy, RemoveHeadersOnCopy, ); }; };
		1A62E7861DA9FEF700639743 /* SwinjectStoryboard.framework in Frameworks */ = {isa = PBXBuildFile; fileRef = 1AAA5A981DA9CCF100CF2E6E /* SwinjectStoryboard.framework */; };
		1A62E7871DA9FEF700639743 /* SwinjectStoryboard.framework in Embed Frameworks */ = {isa = PBXBuildFile; fileRef = 1AAA5A981DA9CCF100CF2E6E /* SwinjectStoryboard.framework */; settings = {ATTRIBUTES = (CodeSignOnCopy, RemoveHeadersOnCopy, ); }; };
		1A80884C1DD53654000F2167 /* UserProfileViewController.swift in Sources */ = {isa = PBXBuildFile; fileRef = 1A80884B1DD53654000F2167 /* UserProfileViewController.swift */; };
		1A8A2E041DAAC5E700299FFC /* Card.swift in Sources */ = {isa = PBXBuildFile; fileRef = 1A8A2E031DAAC5E700299FFC /* Card.swift */; };
		1A8A2E061DAAC6E800299FFC /* README.md in Sources */ = {isa = PBXBuildFile; fileRef = 1A8A2E051DAAC6E800299FFC /* README.md */; };
		1A8F0B221DB5704600B892A5 /* VotingViewController.swift in Sources */ = {isa = PBXBuildFile; fileRef = 1A8F0B211DB5704600B892A5 /* VotingViewController.swift */; };
		1A8F0B241DB5723500B892A5 /* VotingCardViewController.swift in Sources */ = {isa = PBXBuildFile; fileRef = 1A8F0B231DB5723500B892A5 /* VotingCardViewController.swift */; };
		1A8F0B2B1DB577C000B892A5 /* CardCell.swift in Sources */ = {isa = PBXBuildFile; fileRef = 1A8F0B2A1DB577C000B892A5 /* CardCell.swift */; };
		1AA69D021DC50F1C00BFD575 /* VoterSessionSelectorViewController.swift in Sources */ = {isa = PBXBuildFile; fileRef = 1AA69D011DC50F1C00BFD575 /* VoterSessionSelectorViewController.swift */; };
		1AA69D061DC5119400BFD575 /* IVoterSessionSelectorViewModel.swift in Sources */ = {isa = PBXBuildFile; fileRef = 1AA69D051DC5119400BFD575 /* IVoterSessionSelectorViewModel.swift */; };
		1AA69D081DC511A900BFD575 /* VoterSessionSelectorViewModel.swift in Sources */ = {isa = PBXBuildFile; fileRef = 1AA69D071DC511A900BFD575 /* VoterSessionSelectorViewModel.swift */; };
		1AAA5A7A1DA9C72400CF2E6E /* AppDelegate.swift in Sources */ = {isa = PBXBuildFile; fileRef = 1AAA5A791DA9C72400CF2E6E /* AppDelegate.swift */; };
		1AAA5A7F1DA9C72400CF2E6E /* Main.storyboard in Resources */ = {isa = PBXBuildFile; fileRef = 1AAA5A7D1DA9C72400CF2E6E /* Main.storyboard */; };
		1AAA5A811DA9C72400CF2E6E /* Assets.xcassets in Resources */ = {isa = PBXBuildFile; fileRef = 1AAA5A801DA9C72400CF2E6E /* Assets.xcassets */; };
		1AAA5A841DA9C72400CF2E6E /* LaunchScreen.storyboard in Resources */ = {isa = PBXBuildFile; fileRef = 1AAA5A821DA9C72400CF2E6E /* LaunchScreen.storyboard */; };
		1AAA5A8C1DA9C99B00CF2E6E /* Cartfile in Resources */ = {isa = PBXBuildFile; fileRef = 1AAA5A8B1DA9C99B00CF2E6E /* Cartfile */; };
		1AAA5A9D1DA9CD4E00CF2E6E /* Bond.framework.dSYM in Copy dSYMs */ = {isa = PBXBuildFile; fileRef = 1AAA5A901DA9CCE700CF2E6E /* Bond.framework.dSYM */; };
		1AAA5A9E1DA9CD5000CF2E6E /* Swinject.framework.dSYM in Copy dSYMs */ = {isa = PBXBuildFile; fileRef = 1AAA5A911DA9CCE700CF2E6E /* Swinject.framework.dSYM */; };
		1AAA5A9F1DA9CD5200CF2E6E /* SwinjectStoryboard.framework.dSYM in Copy dSYMs */ = {isa = PBXBuildFile; fileRef = 1AAA5A921DA9CCE700CF2E6E /* SwinjectStoryboard.framework.dSYM */; };
		1AAA5AA41DA9CDF700CF2E6E /* ReactiveKit.framework.dSYM in Copy dSYMs */ = {isa = PBXBuildFile; fileRef = 1AAA5AA01DA9CD9900CF2E6E /* ReactiveKit.framework.dSYM */; };
		1AAA5AA91DA9CF1A00CF2E6E /* User.swift in Sources */ = {isa = PBXBuildFile; fileRef = 1AAA5AA71DA9CF1A00CF2E6E /* User.swift */; };
		1AAA5AB21DA9D6F100CF2E6E /* IHostSessionTypeSelectorViewModel.swift in Sources */ = {isa = PBXBuildFile; fileRef = 1AAA5AAC1DA9D6F100CF2E6E /* IHostSessionTypeSelectorViewModel.swift */; };
		1AAA5AB31DA9D6F100CF2E6E /* IUserRoleSelectorViewModel.swift in Sources */ = {isa = PBXBuildFile; fileRef = 1AAA5AAD1DA9D6F100CF2E6E /* IUserRoleSelectorViewModel.swift */; };
		1AAA5AB41DA9D6F100CF2E6E /* IHostLobbyViewModel.swift in Sources */ = {isa = PBXBuildFile; fileRef = 1AAA5AAE1DA9D6F100CF2E6E /* IHostLobbyViewModel.swift */; };
		1AAA5AB51DA9D6F100CF2E6E /* HostSessionTypeSelectorViewModel.swift in Sources */ = {isa = PBXBuildFile; fileRef = 1AAA5AAF1DA9D6F100CF2E6E /* HostSessionTypeSelectorViewModel.swift */; };
		1AAA5AB61DA9D6F100CF2E6E /* UserRoleSelectorViewModel.swift in Sources */ = {isa = PBXBuildFile; fileRef = 1AAA5AB01DA9D6F100CF2E6E /* UserRoleSelectorViewModel.swift */; };
		1AAA5AB71DA9D6F100CF2E6E /* HostLobbyViewModel.swift in Sources */ = {isa = PBXBuildFile; fileRef = 1AAA5AB11DA9D6F100CF2E6E /* HostLobbyViewModel.swift */; };
		1AAA5AC11DA9D94200CF2E6E /* HostSessionTypeSelectorViewController.swift in Sources */ = {isa = PBXBuildFile; fileRef = 1AAA5ABD1DA9D94200CF2E6E /* HostSessionTypeSelectorViewController.swift */; };
		1AAA5AC21DA9D94200CF2E6E /* UserRoleSelectorViewController.swift in Sources */ = {isa = PBXBuildFile; fileRef = 1AAA5ABE1DA9D94200CF2E6E /* UserRoleSelectorViewController.swift */; };
		1AAA5AC41DA9D94200CF2E6E /* HostLobbyViewController.swift in Sources */ = {isa = PBXBuildFile; fileRef = 1AAA5AC01DA9D94200CF2E6E /* HostLobbyViewController.swift */; };
		1AAC24541DFC76EF00096EC5 /* IVotingCardViewModel.swift in Sources */ = {isa = PBXBuildFile; fileRef = 1AAC24531DFC76EF00096EC5 /* IVotingCardViewModel.swift */; };
		1AAC24561DFC775100096EC5 /* VotingCardViewModel.swift in Sources */ = {isa = PBXBuildFile; fileRef = 1AAC24551DFC775100096EC5 /* VotingCardViewModel.swift */; };
		1ABDE35C1E007671000D4B7D /* IVotingViewModel.swift in Sources */ = {isa = PBXBuildFile; fileRef = 1ABDE35B1E007671000D4B7D /* IVotingViewModel.swift */; };
		1ABDE35E1E007679000D4B7D /* VotingViewModel.swift in Sources */ = {isa = PBXBuildFile; fileRef = 1ABDE35D1E007679000D4B7D /* VotingViewModel.swift */; };
		1AF08C981DFD23F5000B7461 /* CardManager.swift in Sources */ = {isa = PBXBuildFile; fileRef = 1AF08C971DFD23F5000B7461 /* CardManager.swift */; };
		1AFED5DC1DF20D1A00E7281C /* EditableTableViewCell.swift in Sources */ = {isa = PBXBuildFile; fileRef = 1AFED5DB1DF20D1A00E7281C /* EditableTableViewCell.swift */; };
/* End PBXBuildFile section */

/* Begin PBXCopyFilesBuildPhase section */
		1A62E7881DA9FEF700639743 /* Embed Frameworks */ = {
			isa = PBXCopyFilesBuildPhase;
			buildActionMask = 2147483647;
			dstPath = "";
			dstSubfolderSpec = 10;
			files = (
				1A62E7871DA9FEF700639743 /* SwinjectStoryboard.framework in Embed Frameworks */,
				1A62E7851DA9FEF700639743 /* Swinject.framework in Embed Frameworks */,
				1A62E7811DA9FEF700639743 /* ReactiveKit.framework in Embed Frameworks */,
				1A62E7831DA9FEF700639743 /* Bond.framework in Embed Frameworks */,
			);
			name = "Embed Frameworks";
			runOnlyForDeploymentPostprocessing = 0;
		};
		1AAA5A9C1DA9CD3900CF2E6E /* Copy dSYMs */ = {
			isa = PBXCopyFilesBuildPhase;
			buildActionMask = 2147483647;
			dstPath = "";
			dstSubfolderSpec = 16;
			files = (
				1AAA5AA41DA9CDF700CF2E6E /* ReactiveKit.framework.dSYM in Copy dSYMs */,
				1AAA5A9D1DA9CD4E00CF2E6E /* Bond.framework.dSYM in Copy dSYMs */,
				1AAA5A9E1DA9CD5000CF2E6E /* Swinject.framework.dSYM in Copy dSYMs */,
				1AAA5A9F1DA9CD5200CF2E6E /* SwinjectStoryboard.framework.dSYM in Copy dSYMs */,
			);
			name = "Copy dSYMs";
			runOnlyForDeploymentPostprocessing = 0;
		};
/* End PBXCopyFilesBuildPhase section */

/* Begin PBXFileReference section */
		1A07A6D51DEA1E9700F92AE9 /* PlanningPokerService.swift */ = {isa = PBXFileReference; fileEncoding = 4; lastKnownFileType = sourcecode.swift; path = PlanningPokerService.swift; sourceTree = "<group>"; };
		1A07A6D71DEA480D00F92AE9 /* IHostFeaturesInputViewModel.swift */ = {isa = PBXFileReference; fileEncoding = 4; lastKnownFileType = sourcecode.swift; path = IHostFeaturesInputViewModel.swift; sourceTree = "<group>"; };
		1A07A6D91DEA483500F92AE9 /* HostFeaturesInputViewModel.swift */ = {isa = PBXFileReference; fileEncoding = 4; lastKnownFileType = sourcecode.swift; path = HostFeaturesInputViewModel.swift; sourceTree = "<group>"; };
		1A07A6DB1DEA492100F92AE9 /* HostFeaturesInputViewController.swift */ = {isa = PBXFileReference; fileEncoding = 4; lastKnownFileType = sourcecode.swift; path = HostFeaturesInputViewController.swift; sourceTree = "<group>"; };
		1A2E9EFB1DC3C8C700958C91 /* Session.swift */ = {isa = PBXFileReference; fileEncoding = 4; lastKnownFileType = sourcecode.swift; path = Session.swift; sourceTree = "<group>"; };
		1A406AF81E00E9CD0071D9CD /* FeatureHeader.swift */ = {isa = PBXFileReference; fileEncoding = 4; lastKnownFileType = sourcecode.swift; path = FeatureHeader.swift; sourceTree = "<group>"; };
		1A4147831DAAE6D000BCB289 /* MPCManager.swift */ = {isa = PBXFileReference; fileEncoding = 4; lastKnownFileType = sourcecode.swift; path = MPCManager.swift; sourceTree = "<group>"; };
		1A80884B1DD53654000F2167 /* UserProfileViewController.swift */ = {isa = PBXFileReference; fileEncoding = 4; lastKnownFileType = sourcecode.swift; path = UserProfileViewController.swift; sourceTree = "<group>"; };
		1A8A2E031DAAC5E700299FFC /* Card.swift */ = {isa = PBXFileReference; fileEncoding = 4; lastKnownFileType = sourcecode.swift; path = Card.swift; sourceTree = "<group>"; };
		1A8A2E051DAAC6E800299FFC /* README.md */ = {isa = PBXFileReference; fileEncoding = 4; lastKnownFileType = net.daringfireball.markdown; path = README.md; sourceTree = "<group>"; };
		1A8F0B211DB5704600B892A5 /* VotingViewController.swift */ = {isa = PBXFileReference; fileEncoding = 4; lastKnownFileType = sourcecode.swift; path = VotingViewController.swift; sourceTree = "<group>"; };
		1A8F0B231DB5723500B892A5 /* VotingCardViewController.swift */ = {isa = PBXFileReference; fileEncoding = 4; lastKnownFileType = sourcecode.swift; path = VotingCardViewController.swift; sourceTree = "<group>"; };
		1A8F0B2A1DB577C000B892A5 /* CardCell.swift */ = {isa = PBXFileReference; fileEncoding = 4; lastKnownFileType = sourcecode.swift; path = CardCell.swift; sourceTree = "<group>"; };
		1AA69D011DC50F1C00BFD575 /* VoterSessionSelectorViewController.swift */ = {isa = PBXFileReference; fileEncoding = 4; lastKnownFileType = sourcecode.swift; path = VoterSessionSelectorViewController.swift; sourceTree = "<group>"; };
		1AA69D051DC5119400BFD575 /* IVoterSessionSelectorViewModel.swift */ = {isa = PBXFileReference; fileEncoding = 4; lastKnownFileType = sourcecode.swift; path = IVoterSessionSelectorViewModel.swift; sourceTree = "<group>"; };
		1AA69D071DC511A900BFD575 /* VoterSessionSelectorViewModel.swift */ = {isa = PBXFileReference; fileEncoding = 4; lastKnownFileType = sourcecode.swift; path = VoterSessionSelectorViewModel.swift; sourceTree = "<group>"; };
		1AAA5A761DA9C72400CF2E6E /* PlanningPoker.app */ = {isa = PBXFileReference; explicitFileType = wrapper.application; includeInIndex = 0; path = PlanningPoker.app; sourceTree = BUILT_PRODUCTS_DIR; };
		1AAA5A791DA9C72400CF2E6E /* AppDelegate.swift */ = {isa = PBXFileReference; lastKnownFileType = sourcecode.swift; path = AppDelegate.swift; sourceTree = "<group>"; };
		1AAA5A7E1DA9C72400CF2E6E /* Base */ = {isa = PBXFileReference; lastKnownFileType = file.storyboard; name = Base; path = Base.lproj/Main.storyboard; sourceTree = "<group>"; };
		1AAA5A801DA9C72400CF2E6E /* Assets.xcassets */ = {isa = PBXFileReference; lastKnownFileType = folder.assetcatalog; path = Assets.xcassets; sourceTree = "<group>"; };
		1AAA5A831DA9C72400CF2E6E /* Base */ = {isa = PBXFileReference; lastKnownFileType = file.storyboard; name = Base; path = Base.lproj/LaunchScreen.storyboard; sourceTree = "<group>"; };
		1AAA5A851DA9C72400CF2E6E /* Info.plist */ = {isa = PBXFileReference; lastKnownFileType = text.plist.xml; path = Info.plist; sourceTree = "<group>"; };
		1AAA5A8B1DA9C99B00CF2E6E /* Cartfile */ = {isa = PBXFileReference; fileEncoding = 4; lastKnownFileType = text; path = Cartfile; sourceTree = "<group>"; };
		1AAA5A901DA9CCE700CF2E6E /* Bond.framework.dSYM */ = {isa = PBXFileReference; lastKnownFileType = wrapper.dsym; name = Bond.framework.dSYM; path = Carthage/Build/iOS/Bond.framework.dSYM; sourceTree = "<group>"; };
		1AAA5A911DA9CCE700CF2E6E /* Swinject.framework.dSYM */ = {isa = PBXFileReference; lastKnownFileType = wrapper.dsym; name = Swinject.framework.dSYM; path = Carthage/Build/iOS/Swinject.framework.dSYM; sourceTree = "<group>"; };
		1AAA5A921DA9CCE700CF2E6E /* SwinjectStoryboard.framework.dSYM */ = {isa = PBXFileReference; lastKnownFileType = wrapper.dsym; name = SwinjectStoryboard.framework.dSYM; path = Carthage/Build/iOS/SwinjectStoryboard.framework.dSYM; sourceTree = "<group>"; };
		1AAA5A961DA9CCF100CF2E6E /* Bond.framework */ = {isa = PBXFileReference; lastKnownFileType = wrapper.framework; name = Bond.framework; path = Carthage/Build/iOS/Bond.framework; sourceTree = "<group>"; };
		1AAA5A971DA9CCF100CF2E6E /* Swinject.framework */ = {isa = PBXFileReference; lastKnownFileType = wrapper.framework; name = Swinject.framework; path = Carthage/Build/iOS/Swinject.framework; sourceTree = "<group>"; };
		1AAA5A981DA9CCF100CF2E6E /* SwinjectStoryboard.framework */ = {isa = PBXFileReference; lastKnownFileType = wrapper.framework; name = SwinjectStoryboard.framework; path = Carthage/Build/iOS/SwinjectStoryboard.framework; sourceTree = "<group>"; };
		1AAA5AA01DA9CD9900CF2E6E /* ReactiveKit.framework.dSYM */ = {isa = PBXFileReference; lastKnownFileType = wrapper.dsym; name = ReactiveKit.framework.dSYM; path = Carthage/Build/iOS/ReactiveKit.framework.dSYM; sourceTree = "<group>"; };
		1AAA5AA21DA9CDAA00CF2E6E /* ReactiveKit.framework */ = {isa = PBXFileReference; lastKnownFileType = wrapper.framework; name = ReactiveKit.framework; path = Carthage/Build/iOS/ReactiveKit.framework; sourceTree = "<group>"; };
		1AAA5AA71DA9CF1A00CF2E6E /* User.swift */ = {isa = PBXFileReference; fileEncoding = 4; lastKnownFileType = sourcecode.swift; path = User.swift; sourceTree = "<group>"; };
		1AAA5AAC1DA9D6F100CF2E6E /* IHostSessionTypeSelectorViewModel.swift */ = {isa = PBXFileReference; fileEncoding = 4; lastKnownFileType = sourcecode.swift; path = IHostSessionTypeSelectorViewModel.swift; sourceTree = "<group>"; };
		1AAA5AAD1DA9D6F100CF2E6E /* IUserRoleSelectorViewModel.swift */ = {isa = PBXFileReference; fileEncoding = 4; lastKnownFileType = sourcecode.swift; path = IUserRoleSelectorViewModel.swift; sourceTree = "<group>"; };
		1AAA5AAE1DA9D6F100CF2E6E /* IHostLobbyViewModel.swift */ = {isa = PBXFileReference; fileEncoding = 4; lastKnownFileType = sourcecode.swift; path = IHostLobbyViewModel.swift; sourceTree = "<group>"; };
		1AAA5AAF1DA9D6F100CF2E6E /* HostSessionTypeSelectorViewModel.swift */ = {isa = PBXFileReference; fileEncoding = 4; lastKnownFileType = sourcecode.swift; path = HostSessionTypeSelectorViewModel.swift; sourceTree = "<group>"; };
		1AAA5AB01DA9D6F100CF2E6E /* UserRoleSelectorViewModel.swift */ = {isa = PBXFileReference; fileEncoding = 4; lastKnownFileType = sourcecode.swift; path = UserRoleSelectorViewModel.swift; sourceTree = "<group>"; };
		1AAA5AB11DA9D6F100CF2E6E /* HostLobbyViewModel.swift */ = {isa = PBXFileReference; fileEncoding = 4; lastKnownFileType = sourcecode.swift; path = HostLobbyViewModel.swift; sourceTree = "<group>"; };
		1AAA5ABD1DA9D94200CF2E6E /* HostSessionTypeSelectorViewController.swift */ = {isa = PBXFileReference; fileEncoding = 4; lastKnownFileType = sourcecode.swift; path = HostSessionTypeSelectorViewController.swift; sourceTree = "<group>"; };
		1AAA5ABE1DA9D94200CF2E6E /* UserRoleSelectorViewController.swift */ = {isa = PBXFileReference; fileEncoding = 4; lastKnownFileType = sourcecode.swift; path = UserRoleSelectorViewController.swift; sourceTree = "<group>"; };
		1AAA5AC01DA9D94200CF2E6E /* HostLobbyViewController.swift */ = {isa = PBXFileReference; fileEncoding = 4; lastKnownFileType = sourcecode.swift; path = HostLobbyViewController.swift; sourceTree = "<group>"; };
		1AAC24531DFC76EF00096EC5 /* IVotingCardViewModel.swift */ = {isa = PBXFileReference; fileEncoding = 4; lastKnownFileType = sourcecode.swift; path = IVotingCardViewModel.swift; sourceTree = "<group>"; };
		1AAC24551DFC775100096EC5 /* VotingCardViewModel.swift */ = {isa = PBXFileReference; fileEncoding = 4; lastKnownFileType = sourcecode.swift; path = VotingCardViewModel.swift; sourceTree = "<group>"; };
		1ABDE35B1E007671000D4B7D /* IVotingViewModel.swift */ = {isa = PBXFileReference; fileEncoding = 4; lastKnownFileType = sourcecode.swift; path = IVotingViewModel.swift; sourceTree = "<group>"; };
		1ABDE35D1E007679000D4B7D /* VotingViewModel.swift */ = {isa = PBXFileReference; fileEncoding = 4; lastKnownFileType = sourcecode.swift; path = VotingViewModel.swift; sourceTree = "<group>"; };
		1AF08C971DFD23F5000B7461 /* CardManager.swift */ = {isa = PBXFileReference; fileEncoding = 4; lastKnownFileType = sourcecode.swift; path = CardManager.swift; sourceTree = "<group>"; };
		1AFED5DB1DF20D1A00E7281C /* EditableTableViewCell.swift */ = {isa = PBXFileReference; fileEncoding = 4; lastKnownFileType = sourcecode.swift; path = EditableTableViewCell.swift; sourceTree = "<group>"; };
/* End PBXFileReference section */

/* Begin PBXFrameworksBuildPhase section */
		1AAA5A731DA9C72300CF2E6E /* Frameworks */ = {
			isa = PBXFrameworksBuildPhase;
			buildActionMask = 2147483647;
			files = (
				1A62E7861DA9FEF700639743 /* SwinjectStoryboard.framework in Frameworks */,
				1A62E7841DA9FEF700639743 /* Swinject.framework in Frameworks */,
				1A62E7801DA9FEF600639743 /* ReactiveKit.framework in Frameworks */,
				1A62E7821DA9FEF700639743 /* Bond.framework in Frameworks */,
			);
			runOnlyForDeploymentPostprocessing = 0;
		};
/* End PBXFrameworksBuildPhase section */

/* Begin PBXGroup section */
		1A64F4B21DC14F570031F95A /* Util */ = {
			isa = PBXGroup;
			children = (
			);
			name = Util;
			sourceTree = "<group>";
		};
		1A8F0B291DB577AA00B892A5 /* Custom UI */ = {
			isa = PBXGroup;
			children = (
				1AFED5DB1DF20D1A00E7281C /* EditableTableViewCell.swift */,
				1A8F0B2A1DB577C000B892A5 /* CardCell.swift */,
				1A406AF81E00E9CD0071D9CD /* FeatureHeader.swift */,
			);
			name = "Custom UI";
			sourceTree = "<group>";
		};
		1AA69D031DC510C700BFD575 /* Host */ = {
			isa = PBXGroup;
			children = (
				1AAA5ABD1DA9D94200CF2E6E /* HostSessionTypeSelectorViewController.swift */,
				1AAA5AC01DA9D94200CF2E6E /* HostLobbyViewController.swift */,
				1A07A6DB1DEA492100F92AE9 /* HostFeaturesInputViewController.swift */,
				1A8F0B211DB5704600B892A5 /* VotingViewController.swift */,
			);
			name = Host;
			sourceTree = "<group>";
		};
		1AA69D041DC510D500BFD575 /* Voter */ = {
			isa = PBXGroup;
			children = (
				1AA69D011DC50F1C00BFD575 /* VoterSessionSelectorViewController.swift */,
				1A8F0B231DB5723500B892A5 /* VotingCardViewController.swift */,
			);
			name = Voter;
			sourceTree = "<group>";
		};
		1AAA5A6D1DA9C72300CF2E6E = {
			isa = PBXGroup;
			children = (
				1A8A2E051DAAC6E800299FFC /* README.md */,
				1AAA5A8B1DA9C99B00CF2E6E /* Cartfile */,
				1AAA5A781DA9C72400CF2E6E /* PlanningPoker */,
				1AAA5A771DA9C72400CF2E6E /* Products */,
				1AAA5A8D1DA9CB1400CF2E6E /* Frameworks */,
				1AAA5A8E1DA9CB2300CF2E6E /* dSYMs */,
			);
			sourceTree = "<group>";
		};
		1AAA5A771DA9C72400CF2E6E /* Products */ = {
			isa = PBXGroup;
			children = (
				1AAA5A761DA9C72400CF2E6E /* PlanningPoker.app */,
			);
			name = Products;
			sourceTree = "<group>";
		};
		1AAA5A781DA9C72400CF2E6E /* PlanningPoker */ = {
			isa = PBXGroup;
			children = (
				1AAA5A791DA9C72400CF2E6E /* AppDelegate.swift */,
				1A64F4B21DC14F570031F95A /* Util */,
				1AAA5AB81DA9D70F00CF2E6E /* Services */,
				1AAA5AA51DA9CF1000CF2E6E /* Models */,
				1AAA5AAA1DA9CF6300CF2E6E /* ViewModels */,
				1AAA5AAB1DA9CF7100CF2E6E /* Views */,
				1AAA5A801DA9C72400CF2E6E /* Assets.xcassets */,
				1AAA5A821DA9C72400CF2E6E /* LaunchScreen.storyboard */,
				1AAA5A851DA9C72400CF2E6E /* Info.plist */,
			);
			path = PlanningPoker;
			sourceTree = "<group>";
		};
		1AAA5A8D1DA9CB1400CF2E6E /* Frameworks */ = {
			isa = PBXGroup;
			children = (
				1AAA5AA21DA9CDAA00CF2E6E /* ReactiveKit.framework */,
				1AAA5A961DA9CCF100CF2E6E /* Bond.framework */,
				1AAA5A971DA9CCF100CF2E6E /* Swinject.framework */,
				1AAA5A981DA9CCF100CF2E6E /* SwinjectStoryboard.framework */,
			);
			name = Frameworks;
			sourceTree = "<group>";
		};
		1AAA5A8E1DA9CB2300CF2E6E /* dSYMs */ = {
			isa = PBXGroup;
			children = (
				1AAA5AA01DA9CD9900CF2E6E /* ReactiveKit.framework.dSYM */,
				1AAA5A901DA9CCE700CF2E6E /* Bond.framework.dSYM */,
				1AAA5A911DA9CCE700CF2E6E /* Swinject.framework.dSYM */,
				1AAA5A921DA9CCE700CF2E6E /* SwinjectStoryboard.framework.dSYM */,
			);
			name = dSYMs;
			sourceTree = "<group>";
		};
		1AAA5AA51DA9CF1000CF2E6E /* Models */ = {
			isa = PBXGroup;
			children = (
				1AAA5AA71DA9CF1A00CF2E6E /* User.swift */,
				1A8A2E031DAAC5E700299FFC /* Card.swift */,
				1A2E9EFB1DC3C8C700958C91 /* Session.swift */,
				1AF08C971DFD23F5000B7461 /* CardManager.swift */,
			);
			name = Models;
			sourceTree = "<group>";
		};
		1AAA5AAA1DA9CF6300CF2E6E /* ViewModels */ = {
			isa = PBXGroup;
			children = (
				1AAA5AAD1DA9D6F100CF2E6E /* IUserRoleSelectorViewModel.swift */,
				1AAA5AAE1DA9D6F100CF2E6E /* IHostLobbyViewModel.swift */,
				1A07A6D71DEA480D00F92AE9 /* IHostFeaturesInputViewModel.swift */,
				1AAA5AAC1DA9D6F100CF2E6E /* IHostSessionTypeSelectorViewModel.swift */,
				1ABDE35B1E007671000D4B7D /* IVotingViewModel.swift */,
				1AA69D051DC5119400BFD575 /* IVoterSessionSelectorViewModel.swift */,
				1AAC24531DFC76EF00096EC5 /* IVotingCardViewModel.swift */,
				1AAA5AAF1DA9D6F100CF2E6E /* HostSessionTypeSelectorViewModel.swift */,
				1AAA5AB11DA9D6F100CF2E6E /* HostLobbyViewModel.swift */,
				1A07A6D91DEA483500F92AE9 /* HostFeaturesInputViewModel.swift */,
				1ABDE35D1E007679000D4B7D /* VotingViewModel.swift */,
				1AAA5AB01DA9D6F100CF2E6E /* UserRoleSelectorViewModel.swift */,
				1AA69D071DC511A900BFD575 /* VoterSessionSelectorViewModel.swift */,
				1AAC24551DFC775100096EC5 /* VotingCardViewModel.swift */,
			);
			name = ViewModels;
			sourceTree = "<group>";
		};
		1AAA5AAB1DA9CF7100CF2E6E /* Views */ = {
			isa = PBXGroup;
			children = (
				1AAA5A7D1DA9C72400CF2E6E /* Main.storyboard */,
				1A80884B1DD53654000F2167 /* UserProfileViewController.swift */,
				1AAA5ABE1DA9D94200CF2E6E /* UserRoleSelectorViewController.swift */,
				1A8F0B291DB577AA00B892A5 /* Custom UI */,
				1AA69D031DC510C700BFD575 /* Host */,
				1AA69D041DC510D500BFD575 /* Voter */,
			);
			name = Views;
			sourceTree = "<group>";
		};
		1AAA5AB81DA9D70F00CF2E6E /* Services */ = {
			isa = PBXGroup;
			children = (
				1A4147831DAAE6D000BCB289 /* MPCManager.swift */,
				1A07A6D51DEA1E9700F92AE9 /* PlanningPokerService.swift */,
			);
			name = Services;
			sourceTree = "<group>";
		};
/* End PBXGroup section */

/* Begin PBXNativeTarget section */
		1AAA5A751DA9C72300CF2E6E /* PlanningPoker */ = {
			isa = PBXNativeTarget;
			buildConfigurationList = 1AAA5A881DA9C72400CF2E6E /* Build configuration list for PBXNativeTarget "PlanningPoker" */;
			buildPhases = (
				1AAA5A721DA9C72300CF2E6E /* Sources */,
				1AAA5A731DA9C72300CF2E6E /* Frameworks */,
				1AAA5A741DA9C72300CF2E6E /* Resources */,
				1AAA5A8F1DA9CBFB00CF2E6E /* Carthage Frameworks */,
				1AAA5A9C1DA9CD3900CF2E6E /* Copy dSYMs */,
				1A62E7881DA9FEF700639743 /* Embed Frameworks */,
			);
			buildRules = (
			);
			dependencies = (
			);
			name = PlanningPoker;
			productName = PlanningPoker;
			productReference = 1AAA5A761DA9C72400CF2E6E /* PlanningPoker.app */;
			productType = "com.apple.product-type.application";
		};
/* End PBXNativeTarget section */

/* Begin PBXProject section */
		1AAA5A6E1DA9C72300CF2E6E /* Project object */ = {
			isa = PBXProject;
			attributes = {
				LastSwiftUpdateCheck = 0800;
				LastUpgradeCheck = 0800;
				ORGANIZATIONNAME = "Brandon James";
				TargetAttributes = {
					1AAA5A751DA9C72300CF2E6E = {
						CreatedOnToolsVersion = 8.0;
						DevelopmentTeam = SX7N8Q9N6Z;
						ProvisioningStyle = Automatic;
					};
				};
			};
			buildConfigurationList = 1AAA5A711DA9C72300CF2E6E /* Build configuration list for PBXProject "PlanningPoker" */;
			compatibilityVersion = "Xcode 3.2";
			developmentRegion = English;
			hasScannedForEncodings = 0;
			knownRegions = (
				en,
				Base,
			);
			mainGroup = 1AAA5A6D1DA9C72300CF2E6E;
			productRefGroup = 1AAA5A771DA9C72400CF2E6E /* Products */;
			projectDirPath = "";
			projectRoot = "";
			targets = (
				1AAA5A751DA9C72300CF2E6E /* PlanningPoker */,
			);
		};
/* End PBXProject section */

/* Begin PBXResourcesBuildPhase section */
		1AAA5A741DA9C72300CF2E6E /* Resources */ = {
			isa = PBXResourcesBuildPhase;
			buildActionMask = 2147483647;
			files = (
				1AAA5A841DA9C72400CF2E6E /* LaunchScreen.storyboard in Resources */,
				1AAA5A811DA9C72400CF2E6E /* Assets.xcassets in Resources */,
				1AAA5A8C1DA9C99B00CF2E6E /* Cartfile in Resources */,
				1AAA5A7F1DA9C72400CF2E6E /* Main.storyboard in Resources */,
			);
			runOnlyForDeploymentPostprocessing = 0;
		};
/* End PBXResourcesBuildPhase section */

/* Begin PBXShellScriptBuildPhase section */
		1AAA5A8F1DA9CBFB00CF2E6E /* Carthage Frameworks */ = {
			isa = PBXShellScriptBuildPhase;
			buildActionMask = 2147483647;
			files = (
			);
			inputPaths = (
				"$(SRCROOT)/Carthage/Build/iOS/Bond.framework",
				"$(SRCROOT)/Carthage/Build/iOS/Swinject.framework",
				"$(SRCROOT)/Carthage/Build/iOS/SwinjectStoryboard.framework",
				"$(SRCROOT)/Carthage/Build/iOS/ReactiveKit.framework",
			);
			name = "Carthage Frameworks";
			outputPaths = (
			);
			runOnlyForDeploymentPostprocessing = 0;
			shellPath = /bin/sh;
			shellScript = "/usr/local/bin/carthage copy-frameworks";
		};
/* End PBXShellScriptBuildPhase section */

/* Begin PBXSourcesBuildPhase section */
		1AAA5A721DA9C72300CF2E6E /* Sources */ = {
			isa = PBXSourcesBuildPhase;
			buildActionMask = 2147483647;
			files = (
				1AAA5AB71DA9D6F100CF2E6E /* HostLobbyViewModel.swift in Sources */,
				1AF08C981DFD23F5000B7461 /* CardManager.swift in Sources */,
				1AAA5AB21DA9D6F100CF2E6E /* IHostSessionTypeSelectorViewModel.swift in Sources */,
				1A4147841DAAE6D000BCB289 /* MPCManager.swift in Sources */,
				1A80884C1DD53654000F2167 /* UserProfileViewController.swift in Sources */,
				1A07A6DA1DEA483500F92AE9 /* HostFeaturesInputViewModel.swift in Sources */,
				1A07A6D61DEA1E9700F92AE9 /* PlanningPokerService.swift in Sources */,
				1AAA5AC41DA9D94200CF2E6E /* HostLobbyViewController.swift in Sources */,
				1AAA5AC21DA9D94200CF2E6E /* UserRoleSelectorViewController.swift in Sources */,
				1A07A6DC1DEA492100F92AE9 /* HostFeaturesInputViewController.swift in Sources */,
				1A8F0B221DB5704600B892A5 /* VotingViewController.swift in Sources */,
				1AAA5AA91DA9CF1A00CF2E6E /* User.swift in Sources */,
				1A8F0B2B1DB577C000B892A5 /* CardCell.swift in Sources */,
				1AAA5AB51DA9D6F100CF2E6E /* HostSessionTypeSelectorViewModel.swift in Sources */,
				1ABDE35C1E007671000D4B7D /* IVotingViewModel.swift in Sources */,
				1AA69D061DC5119400BFD575 /* IVoterSessionSelectorViewModel.swift in Sources */,
				1A8A2E061DAAC6E800299FFC /* README.md in Sources */,
				1AAA5AB31DA9D6F100CF2E6E /* IUserRoleSelectorViewModel.swift in Sources */,
				1A8A2E041DAAC5E700299FFC /* Card.swift in Sources */,
				1A8F0B241DB5723500B892A5 /* VotingCardViewController.swift in Sources */,
				1AA69D021DC50F1C00BFD575 /* VoterSessionSelectorViewController.swift in Sources */,
				1AAC24561DFC775100096EC5 /* VotingCardViewModel.swift in Sources */,
				1AAA5AB61DA9D6F100CF2E6E /* UserRoleSelectorViewModel.swift in Sources */,
				1AAA5AC11DA9D94200CF2E6E /* HostSessionTypeSelectorViewController.swift in Sources */,
				1AA69D081DC511A900BFD575 /* VoterSessionSelectorViewModel.swift in Sources */,
				1A406AF91E00E9CD0071D9CD /* FeatureHeader.swift in Sources */,
				1ABDE35E1E007679000D4B7D /* VotingViewModel.swift in Sources */,
				1AFED5DC1DF20D1A00E7281C /* EditableTableViewCell.swift in Sources */,
				1AAA5A7A1DA9C72400CF2E6E /* AppDelegate.swift in Sources */,
				1A2E9EFC1DC3C8C700958C91 /* Session.swift in Sources */,
				1AAC24541DFC76EF00096EC5 /* IVotingCardViewModel.swift in Sources */,
				1AAA5AB41DA9D6F100CF2E6E /* IHostLobbyViewModel.swift in Sources */,
				1A07A6D81DEA480D00F92AE9 /* IHostFeaturesInputViewModel.swift in Sources */,
			);
			runOnlyForDeploymentPostprocessing = 0;
		};
/* End PBXSourcesBuildPhase section */

/* Begin PBXVariantGroup section */
		1AAA5A7D1DA9C72400CF2E6E /* Main.storyboard */ = {
			isa = PBXVariantGroup;
			children = (
				1AAA5A7E1DA9C72400CF2E6E /* Base */,
			);
			name = Main.storyboard;
			sourceTree = "<group>";
		};
		1AAA5A821DA9C72400CF2E6E /* LaunchScreen.storyboard */ = {
			isa = PBXVariantGroup;
			children = (
				1AAA5A831DA9C72400CF2E6E /* Base */,
			);
			name = LaunchScreen.storyboard;
			sourceTree = "<group>";
		};
/* End PBXVariantGroup section */

/* Begin XCBuildConfiguration section */
		1AAA5A861DA9C72400CF2E6E /* Debug */ = {
			isa = XCBuildConfiguration;
			buildSettings = {
				ALWAYS_SEARCH_USER_PATHS = NO;
				CLANG_ANALYZER_NONNULL = YES;
				CLANG_CXX_LANGUAGE_STANDARD = "gnu++0x";
				CLANG_CXX_LIBRARY = "libc++";
				CLANG_ENABLE_MODULES = YES;
				CLANG_ENABLE_OBJC_ARC = YES;
				CLANG_WARN_BOOL_CONVERSION = YES;
				CLANG_WARN_CONSTANT_CONVERSION = YES;
				CLANG_WARN_DIRECT_OBJC_ISA_USAGE = YES_ERROR;
				CLANG_WARN_DOCUMENTATION_COMMENTS = YES;
				CLANG_WARN_EMPTY_BODY = YES;
				CLANG_WARN_ENUM_CONVERSION = YES;
				CLANG_WARN_INFINITE_RECURSION = YES;
				CLANG_WARN_INT_CONVERSION = YES;
				CLANG_WARN_OBJC_ROOT_CLASS = YES_ERROR;
				CLANG_WARN_SUSPICIOUS_MOVES = YES;
				CLANG_WARN_UNREACHABLE_CODE = YES;
				CLANG_WARN__DUPLICATE_METHOD_MATCH = YES;
				"CODE_SIGN_IDENTITY[sdk=iphoneos*]" = "iPhone Developer";
				COPY_PHASE_STRIP = NO;
				DEBUG_INFORMATION_FORMAT = dwarf;
				ENABLE_STRICT_OBJC_MSGSEND = YES;
				ENABLE_TESTABILITY = YES;
				GCC_C_LANGUAGE_STANDARD = gnu99;
				GCC_DYNAMIC_NO_PIC = NO;
				GCC_NO_COMMON_BLOCKS = YES;
				GCC_OPTIMIZATION_LEVEL = 0;
				GCC_PREPROCESSOR_DEFINITIONS = (
					"DEBUG=1",
					"$(inherited)",
				);
				GCC_WARN_64_TO_32_BIT_CONVERSION = YES;
				GCC_WARN_ABOUT_RETURN_TYPE = YES_ERROR;
				GCC_WARN_UNDECLARED_SELECTOR = YES;
				GCC_WARN_UNINITIALIZED_AUTOS = YES_AGGRESSIVE;
				GCC_WARN_UNUSED_FUNCTION = YES;
				GCC_WARN_UNUSED_VARIABLE = YES;
				IPHONEOS_DEPLOYMENT_TARGET = 9.0;
				MTL_ENABLE_DEBUG_INFO = YES;
				ONLY_ACTIVE_ARCH = YES;
				SDKROOT = iphoneos;
				SWIFT_ACTIVE_COMPILATION_CONDITIONS = DEBUG;
				SWIFT_OPTIMIZATION_LEVEL = "-Onone";
				TARGETED_DEVICE_FAMILY = "1,2";
			};
			name = Debug;
		};
		1AAA5A871DA9C72400CF2E6E /* Release */ = {
			isa = XCBuildConfiguration;
			buildSettings = {
				ALWAYS_SEARCH_USER_PATHS = NO;
				CLANG_ANALYZER_NONNULL = YES;
				CLANG_CXX_LANGUAGE_STANDARD = "gnu++0x";
				CLANG_CXX_LIBRARY = "libc++";
				CLANG_ENABLE_MODULES = YES;
				CLANG_ENABLE_OBJC_ARC = YES;
				CLANG_WARN_BOOL_CONVERSION = YES;
				CLANG_WARN_CONSTANT_CONVERSION = YES;
				CLANG_WARN_DIRECT_OBJC_ISA_USAGE = YES_ERROR;
				CLANG_WARN_DOCUMENTATION_COMMENTS = YES;
				CLANG_WARN_EMPTY_BODY = YES;
				CLANG_WARN_ENUM_CONVERSION = YES;
				CLANG_WARN_INFINITE_RECURSION = YES;
				CLANG_WARN_INT_CONVERSION = YES;
				CLANG_WARN_OBJC_ROOT_CLASS = YES_ERROR;
				CLANG_WARN_SUSPICIOUS_MOVES = YES;
				CLANG_WARN_UNREACHABLE_CODE = YES;
				CLANG_WARN__DUPLICATE_METHOD_MATCH = YES;
				"CODE_SIGN_IDENTITY[sdk=iphoneos*]" = "iPhone Developer";
				COPY_PHASE_STRIP = NO;
				DEBUG_INFORMATION_FORMAT = "dwarf-with-dsym";
				ENABLE_NS_ASSERTIONS = NO;
				ENABLE_STRICT_OBJC_MSGSEND = YES;
				GCC_C_LANGUAGE_STANDARD = gnu99;
				GCC_NO_COMMON_BLOCKS = YES;
				GCC_WARN_64_TO_32_BIT_CONVERSION = YES;
				GCC_WARN_ABOUT_RETURN_TYPE = YES_ERROR;
				GCC_WARN_UNDECLARED_SELECTOR = YES;
				GCC_WARN_UNINITIALIZED_AUTOS = YES_AGGRESSIVE;
				GCC_WARN_UNUSED_FUNCTION = YES;
				GCC_WARN_UNUSED_VARIABLE = YES;
				IPHONEOS_DEPLOYMENT_TARGET = 9.0;
				MTL_ENABLE_DEBUG_INFO = NO;
				SDKROOT = iphoneos;
				SWIFT_OPTIMIZATION_LEVEL = "-Owholemodule";
				TARGETED_DEVICE_FAMILY = "1,2";
				VALIDATE_PRODUCT = YES;
			};
			name = Release;
		};
		1AAA5A891DA9C72400CF2E6E /* Debug */ = {
			isa = XCBuildConfiguration;
			buildSettings = {
				ASSETCATALOG_COMPILER_APPICON_NAME = AppIcon;
				DEVELOPMENT_TEAM = SX7N8Q9N6Z;
				FRAMEWORK_SEARCH_PATHS = (
					"$(inherited)",
					"$(PROJECT_DIR)/Carthage/Build/iOS",
				);
				INFOPLIST_FILE = PlanningPoker/Info.plist;
				LD_RUNPATH_SEARCH_PATHS = "$(inherited) @executable_path/Frameworks";
				PRODUCT_BUNDLE_IDENTIFIER = com.brandonjames.PlanningPoker;
				PRODUCT_NAME = "$(TARGET_NAME)";
				SWIFT_VERSION = 3.0;
			};
			name = Debug;
		};
		1AAA5A8A1DA9C72400CF2E6E /* Release */ = {
			isa = XCBuildConfiguration;
			buildSettings = {
				ASSETCATALOG_COMPILER_APPICON_NAME = AppIcon;
				DEVELOPMENT_TEAM = SX7N8Q9N6Z;
				FRAMEWORK_SEARCH_PATHS = (
					"$(inherited)",
					"$(PROJECT_DIR)/Carthage/Build/iOS",
				);
				INFOPLIST_FILE = PlanningPoker/Info.plist;
				LD_RUNPATH_SEARCH_PATHS = "$(inherited) @executable_path/Frameworks";
				PRODUCT_BUNDLE_IDENTIFIER = com.brandonjames.PlanningPoker;
				PRODUCT_NAME = "$(TARGET_NAME)";
				SWIFT_VERSION = 3.0;
			};
			name = Release;
		};
/* End XCBuildConfiguration section */

/* Begin XCConfigurationList section */
		1AAA5A711DA9C72300CF2E6E /* Build configuration list for PBXProject "PlanningPoker" */ = {
			isa = XCConfigurationList;
			buildConfigurations = (
				1AAA5A861DA9C72400CF2E6E /* Debug */,
				1AAA5A871DA9C72400CF2E6E /* Release */,
			);
			defaultConfigurationIsVisible = 0;
			defaultConfigurationName = Release;
		};
		1AAA5A881DA9C72400CF2E6E /* Build configuration list for PBXNativeTarget "PlanningPoker" */ = {
			isa = XCConfigurationList;
			buildConfigurations = (
				1AAA5A891DA9C72400CF2E6E /* Debug */,
				1AAA5A8A1DA9C72400CF2E6E /* Release */,
			);
			defaultConfigurationIsVisible = 0;
			defaultConfigurationName = Release;
		};
/* End XCConfigurationList section */
	};
	rootObject = 1AAA5A6E1DA9C72300CF2E6E /* Project object */;
}
